
Microsoft Visual Studio Solution File, Format Version 12.00
# Visual Studio 15
VisualStudioVersion = 15.0.26430.6
MinimumVisualStudioVersion = 10.0.40219.1
Project("{FAE04EC0-301F-11D3-BF4B-00C04F79EFBC}") = "ExportAdapters", "ExporterAdapters\ExportAdapters.csproj", "{FA2AFDF6-C132-4EC9-A440-22CC14277D9A}"
EndProject
Project("{FAE04EC0-301F-11D3-BF4B-00C04F79EFBC}") = "reactive-download", "reactive-download\reactive-download.csproj", "{88C8F628-1131-43CD-9BF6-AE1D6D823457}"
EndProject
Project("{FAE04EC0-301F-11D3-BF4B-00C04F79EFBC}") = "DataStreamAPIGenerator", "DataStreamAPIGenerator\DataStreamAPIGenerator.csproj", "{27416FA4-9E5F-43F2-B78A-54210C1D31DE}"
EndProject
Global
	GlobalSection(SolutionConfigurationPlatforms) = preSolution
		Debug|Any CPU = Debug|Any CPU
		Release|Any CPU = Release|Any CPU
	EndGlobalSection
	GlobalSection(ProjectConfigurationPlatforms) = postSolution
		{FA2AFDF6-C132-4EC9-A440-22CC14277D9A}.Debug|Any CPU.ActiveCfg = Debug|Any CPU
		{FA2AFDF6-C132-4EC9-A440-22CC14277D9A}.Debug|Any CPU.Build.0 = Debug|Any CPU
		{FA2AFDF6-C132-4EC9-A440-22CC14277D9A}.Release|Any CPU.ActiveCfg = Release|Any CPU
		{FA2AFDF6-C132-4EC9-A440-22CC14277D9A}.Release|Any CPU.Build.0 = Release|Any CPU
		{88C8F628-1131-43CD-9BF6-AE1D6D823457}.Debug|Any CPU.ActiveCfg = Debug|Any CPU
		{88C8F628-1131-43CD-9BF6-AE1D6D823457}.Debug|Any CPU.Build.0 = Debug|Any CPU
		{88C8F628-1131-43CD-9BF6-AE1D6D823457}.Release|Any CPU.ActiveCfg = Release|Any CPU
		{88C8F628-1131-43CD-9BF6-AE1D6D823457}.Release|Any CPU.Build.0 = Release|Any CPU
		{27416FA4-9E5F-43F2-B78A-54210C1D31DE}.Debug|Any CPU.ActiveCfg = Debug|Any CPU
		{27416FA4-9E5F-43F2-B78A-54210C1D31DE}.Debug|Any CPU.Build.0 = Debug|Any CPU
		{27416FA4-9E5F-43F2-B78A-54210C1D31DE}.Release|Any CPU.ActiveCfg = Release|Any CPU
		{27416FA4-9E5F-43F2-B78A-54210C1D31DE}.Release|Any CPU.Build.0 = Release|Any CPU
	EndGlobalSection
	GlobalSection(SolutionProperties) = preSolution
		HideSolutionNode = FALSE
	EndGlobalSection
EndGlobal
